
Microsoft Visual Studio Solution File, Format Version 12.00
# Visual Studio Version 17
VisualStudioVersion = 17.7.33808.371
MinimumVisualStudioVersion = 10.0.40219.1
Project("{FAE04EC0-301F-11D3-BF4B-00C04F79EFBC}") = "TaskManager", "TaskManager\TaskManager.csproj", "{B658BBB6-FC80-4F96-9297-8A5E092D09D8}"
EndProject
Project("{FAE04EC0-301F-11D3-BF4B-00C04F79EFBC}") = "TaskManagerData", "TaskManagerData\TaskManagerData.csproj", "{7ACFE69A-1DF9-4B04-AC11-12D95B61931D}"
EndProject
Project("{FAE04EC0-301F-11D3-BF4B-00C04F79EFBC}") = "TaskManagerDomain", "TaskManagerDomain\TaskManagerDomain.csproj", "{D642CB86-3D46-48EE-82C4-BF86E667B7AC}"
EndProject
Global
	GlobalSection(SolutionConfigurationPlatforms) = preSolution
		Debug|Any CPU = Debug|Any CPU
		Release|Any CPU = Release|Any CPU
	EndGlobalSection
	GlobalSection(ProjectConfigurationPlatforms) = postSolution
		{B658BBB6-FC80-4F96-9297-8A5E092D09D8}.Debug|Any CPU.ActiveCfg = Debug|Any CPU
		{B658BBB6-FC80-4F96-9297-8A5E092D09D8}.Debug|Any CPU.Build.0 = Debug|Any CPU
		{B658BBB6-FC80-4F96-9297-8A5E092D09D8}.Release|Any CPU.ActiveCfg = Release|Any CPU
		{B658BBB6-FC80-4F96-9297-8A5E092D09D8}.Release|Any CPU.Build.0 = Release|Any CPU
		{7ACFE69A-1DF9-4B04-AC11-12D95B61931D}.Debug|Any CPU.ActiveCfg = Debug|Any CPU
		{7ACFE69A-1DF9-4B04-AC11-12D95B61931D}.Debug|Any CPU.Build.0 = Debug|Any CPU
		{7ACFE69A-1DF9-4B04-AC11-12D95B61931D}.Release|Any CPU.ActiveCfg = Release|Any CPU
		{7ACFE69A-1DF9-4B04-AC11-12D95B61931D}.Release|Any CPU.Build.0 = Release|Any CPU
		{D642CB86-3D46-48EE-82C4-BF86E667B7AC}.Debug|Any CPU.ActiveCfg = Debug|Any CPU
		{D642CB86-3D46-48EE-82C4-BF86E667B7AC}.Debug|Any CPU.Build.0 = Debug|Any CPU
		{D642CB86-3D46-48EE-82C4-BF86E667B7AC}.Release|Any CPU.ActiveCfg = Release|Any CPU
		{D642CB86-3D46-48EE-82C4-BF86E667B7AC}.Release|Any CPU.Build.0 = Release|Any CPU
	EndGlobalSection
	GlobalSection(SolutionProperties) = preSolution
		HideSolutionNode = FALSE
	EndGlobalSection
	GlobalSection(ExtensibilityGlobals) = postSolution
		SolutionGuid = {52E51965-640D-43FC-9055-C4FCFFE797A2}
	EndGlobalSection
EndGlobal
